// !$*UTF8*$!
{
	archiveVersion = 1;
	classes = {
	};
	objectVersion = 46;
	objects = {

/* Begin PBXBuildFile section */
		945B53231AD2342C0047A27D /* main.m in Sources */ = {isa = PBXBuildFile; fileRef = 945B53221AD2342C0047A27D /* main.m */; };
		945B53261AD2342C0047A27D /* AppDelegate.m in Sources */ = {isa = PBXBuildFile; fileRef = 945B53251AD2342C0047A27D /* AppDelegate.m */; };
		945B53291AD2342C0047A27D /* ViewController.m in Sources */ = {isa = PBXBuildFile; fileRef = 945B53281AD2342C0047A27D /* ViewController.m */; };
		945B532C1AD2342C0047A27D /* Main.storyboard in Resources */ = {isa = PBXBuildFile; fileRef = 945B532A1AD2342C0047A27D /* Main.storyboard */; };
		945B532E1AD2342C0047A27D /* Images.xcassets in Resources */ = {isa = PBXBuildFile; fileRef = 945B532D1AD2342C0047A27D /* Images.xcassets */; };
		945B53311AD2342C0047A27D /* LaunchScreen.xib in Resources */ = {isa = PBXBuildFile; fileRef = 945B532F1AD2342C0047A27D /* LaunchScreen.xib */; };
		945B533D1AD2342C0047A27D /* PromMeTests.m in Sources */ = {isa = PBXBuildFile; fileRef = 945B533C1AD2342C0047A27D /* PromMeTests.m */; };
		945B53801AD23C470047A27D /* libsqlite3.dylib in Frameworks */ = {isa = PBXBuildFile; fileRef = 945B53741AD239FD0047A27D /* libsqlite3.dylib */; };
		945B53811AD23C4D0047A27D /* libz.dylib in Frameworks */ = {isa = PBXBuildFile; fileRef = 945B53721AD239F70047A27D /* libz.dylib */; };
		945B53821AD23C530047A27D /* SystemConfiguration.framework in Frameworks */ = {isa = PBXBuildFile; fileRef = 945B53701AD239F10047A27D /* SystemConfiguration.framework */; };
		945B53831AD23C5A0047A27D /* StoreKit.framework in Frameworks */ = {isa = PBXBuildFile; fileRef = 945B536E1AD239E80047A27D /* StoreKit.framework */; };
		945B53841AD23C630047A27D /* Security.framework in Frameworks */ = {isa = PBXBuildFile; fileRef = 945B536C1AD239E20047A27D /* Security.framework */; };
		945B53851AD23C6D0047A27D /* QuartzCore.framework in Frameworks */ = {isa = PBXBuildFile; fileRef = 945B536A1AD239DB0047A27D /* QuartzCore.framework */; };
		945B53861AD23C730047A27D /* MobileCoreServices.framework in Frameworks */ = {isa = PBXBuildFile; fileRef = 945B53681AD239D30047A27D /* MobileCoreServices.framework */; };
		945B53871AD23C820047A27D /* CoreGraphics.framework in Frameworks */ = {isa = PBXBuildFile; fileRef = 945B53641AD239C60047A27D /* CoreGraphics.framework */; };
		945B53881AD23C820047A27D /* CoreLocation.framework in Frameworks */ = {isa = PBXBuildFile; fileRef = 945B53661AD239CD0047A27D /* CoreLocation.framework */; };
		945B53891AD23C960047A27D /* AudioToolbox.framework in Frameworks */ = {isa = PBXBuildFile; fileRef = 945B53601AD239B90047A27D /* AudioToolbox.framework */; };
		945B538A1AD23C960047A27D /* CFNetwork.framework in Frameworks */ = {isa = PBXBuildFile; fileRef = 945B53621AD239C00047A27D /* CFNetwork.framework */; };
		945B538C1AD23CC60047A27D /* Parse.framework in Frameworks */ = {isa = PBXBuildFile; fileRef = 945B538B1AD23CC60047A27D /* Parse.framework */; };
		945B538E1AD23CD30047A27D /* Bolts.framework in Frameworks */ = {isa = PBXBuildFile; fileRef = 945B538D1AD23CD30047A27D /* Bolts.framework */; };
		945B53AA1AD23D2E0047A27D /* ChameleonStatusBar.m in Sources */ = {isa = PBXBuildFile; fileRef = 945B53931AD23D2E0047A27D /* ChameleonStatusBar.m */; };
		945B53AB1AD23D2E0047A27D /* NSArray+Chameleon.m in Sources */ = {isa = PBXBuildFile; fileRef = 945B53951AD23D2E0047A27D /* NSArray+Chameleon.m */; };
		945B53AC1AD23D2E0047A27D /* UIColor+Chameleon.m in Sources */ = {isa = PBXBuildFile; fileRef = 945B53971AD23D2E0047A27D /* UIColor+Chameleon.m */; };
		945B53AD1AD23D2E0047A27D /* UIColor+CIELAB.m in Sources */ = {isa = PBXBuildFile; fileRef = 945B53991AD23D2E0047A27D /* UIColor+CIELAB.m */; };
		945B53AE1AD23D2E0047A27D /* UIViewController+Chameleon.m in Sources */ = {isa = PBXBuildFile; fileRef = 945B539B1AD23D2E0047A27D /* UIViewController+Chameleon.m */; };
		945B53AF1AD23D2E0047A27D /* PQFBarsInCircle.m in Sources */ = {isa = PBXBuildFile; fileRef = 945B539E1AD23D2E0047A27D /* PQFBarsInCircle.m */; };
		945B53B01AD23D2E0047A27D /* PQFBouncingBalls.m in Sources */ = {isa = PBXBuildFile; fileRef = 945B53A01AD23D2E0047A27D /* PQFBouncingBalls.m */; };
		945B53B11AD23D2E0047A27D /* PQFCirclesInTriangle.m in Sources */ = {isa = PBXBuildFile; fileRef = 945B53A21AD23D2E0047A27D /* PQFCirclesInTriangle.m */; };
		945B53B21AD23D2E0047A27D /* UIColor+FlatColors.m in Sources */ = {isa = PBXBuildFile; fileRef = 945B53A61AD23D2E0047A27D /* UIColor+FlatColors.m */; };
		945B53B31AD23D2E0047A27D /* UICKeyChainStore.m in Sources */ = {isa = PBXBuildFile; fileRef = 945B53A91AD23D2E0047A27D /* UICKeyChainStore.m */; };
		945B53B91AD2B4A70047A27D /* FBSDKCoreKit.framework in Frameworks */ = {isa = PBXBuildFile; fileRef = 945B53B81AD2B4A70047A27D /* FBSDKCoreKit.framework */; };
		945B53BD1AD2B7100047A27D /* LogInViewController.m in Sources */ = {isa = PBXBuildFile; fileRef = 945B53BB1AD2B7100047A27D /* LogInViewController.m */; };
		945B53BE1AD2B7100047A27D /* LogInViewController.xib in Resources */ = {isa = PBXBuildFile; fileRef = 945B53BC1AD2B7100047A27D /* LogInViewController.xib */; };
		945B53C01AD2B7F90047A27D /* FBSDKLoginKit.framework in Frameworks */ = {isa = PBXBuildFile; fileRef = 945B53BF1AD2B7F90047A27D /* FBSDKLoginKit.framework */; };
		945B53C41AD2C40E0047A27D /* MainPromMePageViewController.m in Sources */ = {isa = PBXBuildFile; fileRef = 945B53C21AD2C40E0047A27D /* MainPromMePageViewController.m */; };
		945B53C51AD2C40E0047A27D /* MainPromMePageViewController.xib in Resources */ = {isa = PBXBuildFile; fileRef = 945B53C31AD2C40E0047A27D /* MainPromMePageViewController.xib */; };
		945B53C81AD2D8D90047A27D /* Person.m in Sources */ = {isa = PBXBuildFile; fileRef = 945B53C71AD2D8D90047A27D /* Person.m */; };
		945B53CB1AD493960047A27D /* SwipeDraggableView.m in Sources */ = {isa = PBXBuildFile; fileRef = 945B53CA1AD493960047A27D /* SwipeDraggableView.m */; };
		945B53CE1AD5CE320047A27D /* SwipeDraggableOverlay.m in Sources */ = {isa = PBXBuildFile; fileRef = 945B53CD1AD5CE320047A27D /* SwipeDraggableOverlay.m */; };
		945B53D51AD5F6DA0047A27D /* yes_dress.png in Resources */ = {isa = PBXBuildFile; fileRef = 945B53D31AD5F6DA0047A27D /* yes_dress.png */; };
		945B53D61AD5F6DA0047A27D /* no_dress.png in Resources */ = {isa = PBXBuildFile; fileRef = 945B53D41AD5F6DA0047A27D /* no_dress.png */; };
		945B53D81AD6002B0047A27D /* fire.png in Resources */ = {isa = PBXBuildFile; fileRef = 945B53D71AD6002B0047A27D /* fire.png */; };
		945B53DC1AD60FF30047A27D /* PeopleAcceptedViewController.m in Sources */ = {isa = PBXBuildFile; fileRef = 945B53DA1AD60FF30047A27D /* PeopleAcceptedViewController.m */; };
		945B53DD1AD60FF30047A27D /* PeopleAcceptedViewController.xib in Resources */ = {isa = PBXBuildFile; fileRef = 945B53DB1AD60FF30047A27D /* PeopleAcceptedViewController.xib */; };
		94BACD151ADA15A800C52B66 /* ApiConfigurations.plist in Resources */ = {isa = PBXBuildFile; fileRef = 94BACD141ADA15A800C52B66 /* ApiConfigurations.plist */; };
		94BACD1F1ADA16F000C52B66 /* SPGooglePlacesAutocompletePlace.m in Sources */ = {isa = PBXBuildFile; fileRef = 94BACD181ADA16F000C52B66 /* SPGooglePlacesAutocompletePlace.m */; };
		94BACD201ADA16F000C52B66 /* SPGooglePlacesAutocompleteQuery.m in Sources */ = {isa = PBXBuildFile; fileRef = 94BACD1A1ADA16F000C52B66 /* SPGooglePlacesAutocompleteQuery.m */; };
		94BACD211ADA16F000C52B66 /* SPGooglePlacesAutocompleteUtilities.m in Sources */ = {isa = PBXBuildFile; fileRef = 94BACD1C1ADA16F000C52B66 /* SPGooglePlacesAutocompleteUtilities.m */; };
		94BACD221ADA16F000C52B66 /* SPGooglePlacesPlaceDetailQuery.m in Sources */ = {isa = PBXBuildFile; fileRef = 94BACD1E1ADA16F000C52B66 /* SPGooglePlacesPlaceDetailQuery.m */; };
		94BACD271ADA171400C52B66 /* ChooseAddressViewController.m in Sources */ = {isa = PBXBuildFile; fileRef = 94BACD251ADA171400C52B66 /* ChooseAddressViewController.m */; };
		94BACD281ADA171400C52B66 /* ChooseAddressViewController.xib in Resources */ = {isa = PBXBuildFile; fileRef = 94BACD261ADA171400C52B66 /* ChooseAddressViewController.xib */; };
		94F7281B1AD9BDE300598D02 /* ProfilePictureTableViewCell.m in Sources */ = {isa = PBXBuildFile; fileRef = 94F728191AD9BDE300598D02 /* ProfilePictureTableViewCell.m */; };
		94F7281C1AD9BDE300598D02 /* ProfilePictureTableViewCell.xib in Resources */ = {isa = PBXBuildFile; fileRef = 94F7281A1AD9BDE300598D02 /* ProfilePictureTableViewCell.xib */; };
/* End PBXBuildFile section */

/* Begin PBXContainerItemProxy section */
		945B53371AD2342C0047A27D /* PBXContainerItemProxy */ = {
			isa = PBXContainerItemProxy;
			containerPortal = 945B53151AD2342C0047A27D /* Project object */;
			proxyType = 1;
			remoteGlobalIDString = 945B531C1AD2342C0047A27D;
			remoteInfo = PromMe;
		};
/* End PBXContainerItemProxy section */

/* Begin PBXFileReference section */
		945B531D1AD2342C0047A27D /* PromMe.app */ = {isa = PBXFileReference; explicitFileType = wrapper.application; includeInIndex = 0; path = PromMe.app; sourceTree = BUILT_PRODUCTS_DIR; };
		945B53211AD2342C0047A27D /* Info.plist */ = {isa = PBXFileReference; lastKnownFileType = text.plist.xml; path = Info.plist; sourceTree = "<group>"; };
		945B53221AD2342C0047A27D /* main.m */ = {isa = PBXFileReference; lastKnownFileType = sourcecode.c.objc; path = main.m; sourceTree = "<group>"; };
		945B53241AD2342C0047A27D /* AppDelegate.h */ = {isa = PBXFileReference; lastKnownFileType = sourcecode.c.h; path = AppDelegate.h; sourceTree = "<group>"; };
		945B53251AD2342C0047A27D /* AppDelegate.m */ = {isa = PBXFileReference; lastKnownFileType = sourcecode.c.objc; path = AppDelegate.m; sourceTree = "<group>"; };
		945B53271AD2342C0047A27D /* ViewController.h */ = {isa = PBXFileReference; lastKnownFileType = sourcecode.c.h; path = ViewController.h; sourceTree = "<group>"; };
		945B53281AD2342C0047A27D /* ViewController.m */ = {isa = PBXFileReference; lastKnownFileType = sourcecode.c.objc; path = ViewController.m; sourceTree = "<group>"; };
		945B532B1AD2342C0047A27D /* Base */ = {isa = PBXFileReference; lastKnownFileType = file.storyboard; name = Base; path = Base.lproj/Main.storyboard; sourceTree = "<group>"; };
		945B532D1AD2342C0047A27D /* Images.xcassets */ = {isa = PBXFileReference; lastKnownFileType = folder.assetcatalog; path = Images.xcassets; sourceTree = "<group>"; };
		945B53301AD2342C0047A27D /* Base */ = {isa = PBXFileReference; lastKnownFileType = file.xib; name = Base; path = Base.lproj/LaunchScreen.xib; sourceTree = "<group>"; };
		945B53361AD2342C0047A27D /* PromMeTests.xctest */ = {isa = PBXFileReference; explicitFileType = wrapper.cfbundle; includeInIndex = 0; path = PromMeTests.xctest; sourceTree = BUILT_PRODUCTS_DIR; };
		945B533B1AD2342C0047A27D /* Info.plist */ = {isa = PBXFileReference; lastKnownFileType = text.plist.xml; path = Info.plist; sourceTree = "<group>"; };
		945B533C1AD2342C0047A27D /* PromMeTests.m */ = {isa = PBXFileReference; lastKnownFileType = sourcecode.c.objc; path = PromMeTests.m; sourceTree = "<group>"; };
		945B53601AD239B90047A27D /* AudioToolbox.framework */ = {isa = PBXFileReference; lastKnownFileType = wrapper.framework; name = AudioToolbox.framework; path = System/Library/Frameworks/AudioToolbox.framework; sourceTree = SDKROOT; };
		945B53621AD239C00047A27D /* CFNetwork.framework */ = {isa = PBXFileReference; lastKnownFileType = wrapper.framework; name = CFNetwork.framework; path = System/Library/Frameworks/CFNetwork.framework; sourceTree = SDKROOT; };
		945B53641AD239C60047A27D /* CoreGraphics.framework */ = {isa = PBXFileReference; lastKnownFileType = wrapper.framework; name = CoreGraphics.framework; path = System/Library/Frameworks/CoreGraphics.framework; sourceTree = SDKROOT; };
		945B53661AD239CD0047A27D /* CoreLocation.framework */ = {isa = PBXFileReference; lastKnownFileType = wrapper.framework; name = CoreLocation.framework; path = System/Library/Frameworks/CoreLocation.framework; sourceTree = SDKROOT; };
		945B53681AD239D30047A27D /* MobileCoreServices.framework */ = {isa = PBXFileReference; lastKnownFileType = wrapper.framework; name = MobileCoreServices.framework; path = System/Library/Frameworks/MobileCoreServices.framework; sourceTree = SDKROOT; };
		945B536A1AD239DB0047A27D /* QuartzCore.framework */ = {isa = PBXFileReference; lastKnownFileType = wrapper.framework; name = QuartzCore.framework; path = System/Library/Frameworks/QuartzCore.framework; sourceTree = SDKROOT; };
		945B536C1AD239E20047A27D /* Security.framework */ = {isa = PBXFileReference; lastKnownFileType = wrapper.framework; name = Security.framework; path = System/Library/Frameworks/Security.framework; sourceTree = SDKROOT; };
		945B536E1AD239E80047A27D /* StoreKit.framework */ = {isa = PBXFileReference; lastKnownFileType = wrapper.framework; name = StoreKit.framework; path = System/Library/Frameworks/StoreKit.framework; sourceTree = SDKROOT; };
		945B53701AD239F10047A27D /* SystemConfiguration.framework */ = {isa = PBXFileReference; lastKnownFileType = wrapper.framework; name = SystemConfiguration.framework; path = System/Library/Frameworks/SystemConfiguration.framework; sourceTree = SDKROOT; };
		945B53721AD239F70047A27D /* libz.dylib */ = {isa = PBXFileReference; lastKnownFileType = "compiled.mach-o.dylib"; name = libz.dylib; path = usr/lib/libz.dylib; sourceTree = SDKROOT; };
		945B53741AD239FD0047A27D /* libsqlite3.dylib */ = {isa = PBXFileReference; lastKnownFileType = "compiled.mach-o.dylib"; name = libsqlite3.dylib; path = usr/lib/libsqlite3.dylib; sourceTree = SDKROOT; };
		945B537C1AD23B9D0047A27D /* libz.1.1.3.dylib */ = {isa = PBXFileReference; lastKnownFileType = "compiled.mach-o.dylib"; name = libz.1.1.3.dylib; path = usr/lib/libz.1.1.3.dylib; sourceTree = SDKROOT; };
		945B538B1AD23CC60047A27D /* Parse.framework */ = {isa = PBXFileReference; lastKnownFileType = wrapper.framework; path = Parse.framework; sourceTree = "<group>"; };
		945B538D1AD23CD30047A27D /* Bolts.framework */ = {isa = PBXFileReference; lastKnownFileType = wrapper.framework; name = Bolts.framework; path = "../../Downloads/parse-library-1.7.1/Bolts.framework"; sourceTree = "<group>"; };
		945B53901AD23D2E0047A27D /* Chameleon.h */ = {isa = PBXFileReference; fileEncoding = 4; lastKnownFileType = sourcecode.c.h; path = Chameleon.h; sourceTree = "<group>"; };
		945B53911AD23D2E0047A27D /* ChameleonMacros.h */ = {isa = PBXFileReference; fileEncoding = 4; lastKnownFileType = sourcecode.c.h; path = ChameleonMacros.h; sourceTree = "<group>"; };
		945B53921AD23D2E0047A27D /* ChameleonStatusBar.h */ = {isa = PBXFileReference; fileEncoding = 4; lastKnownFileType = sourcecode.c.h; path = ChameleonStatusBar.h; sourceTree = "<group>"; };
		945B53931AD23D2E0047A27D /* ChameleonStatusBar.m */ = {isa = PBXFileReference; fileEncoding = 4; lastKnownFileType = sourcecode.c.objc; path = ChameleonStatusBar.m; sourceTree = "<group>"; };
		945B53941AD23D2E0047A27D /* NSArray+Chameleon.h */ = {isa = PBXFileReference; fileEncoding = 4; lastKnownFileType = sourcecode.c.h; path = "NSArray+Chameleon.h"; sourceTree = "<group>"; };
		945B53951AD23D2E0047A27D /* NSArray+Chameleon.m */ = {isa = PBXFileReference; fileEncoding = 4; lastKnownFileType = sourcecode.c.objc; path = "NSArray+Chameleon.m"; sourceTree = "<group>"; };
		945B53961AD23D2E0047A27D /* UIColor+Chameleon.h */ = {isa = PBXFileReference; fileEncoding = 4; lastKnownFileType = sourcecode.c.h; path = "UIColor+Chameleon.h"; sourceTree = "<group>"; };
		945B53971AD23D2E0047A27D /* UIColor+Chameleon.m */ = {isa = PBXFileReference; fileEncoding = 4; lastKnownFileType = sourcecode.c.objc; path = "UIColor+Chameleon.m"; sourceTree = "<group>"; };
		945B53981AD23D2E0047A27D /* UIColor+CIELAB.h */ = {isa = PBXFileReference; fileEncoding = 4; lastKnownFileType = sourcecode.c.h; path = "UIColor+CIELAB.h"; sourceTree = "<group>"; };
		945B53991AD23D2E0047A27D /* UIColor+CIELAB.m */ = {isa = PBXFileReference; fileEncoding = 4; lastKnownFileType = sourcecode.c.objc; path = "UIColor+CIELAB.m"; sourceTree = "<group>"; };
		945B539A1AD23D2E0047A27D /* UIViewController+Chameleon.h */ = {isa = PBXFileReference; fileEncoding = 4; lastKnownFileType = sourcecode.c.h; path = "UIViewController+Chameleon.h"; sourceTree = "<group>"; };
		945B539B1AD23D2E0047A27D /* UIViewController+Chameleon.m */ = {isa = PBXFileReference; fileEncoding = 4; lastKnownFileType = sourcecode.c.objc; path = "UIViewController+Chameleon.m"; sourceTree = "<group>"; };
		945B539D1AD23D2E0047A27D /* PQFBarsInCircle.h */ = {isa = PBXFileReference; fileEncoding = 4; lastKnownFileType = sourcecode.c.h; path = PQFBarsInCircle.h; sourceTree = "<group>"; };
		945B539E1AD23D2E0047A27D /* PQFBarsInCircle.m */ = {isa = PBXFileReference; fileEncoding = 4; lastKnownFileType = sourcecode.c.objc; path = PQFBarsInCircle.m; sourceTree = "<group>"; };
		945B539F1AD23D2E0047A27D /* PQFBouncingBalls.h */ = {isa = PBXFileReference; fileEncoding = 4; lastKnownFileType = sourcecode.c.h; path = PQFBouncingBalls.h; sourceTree = "<group>"; };
		945B53A01AD23D2E0047A27D /* PQFBouncingBalls.m */ = {isa = PBXFileReference; fileEncoding = 4; lastKnownFileType = sourcecode.c.objc; path = PQFBouncingBalls.m; sourceTree = "<group>"; };
		945B53A11AD23D2E0047A27D /* PQFCirclesInTriangle.h */ = {isa = PBXFileReference; fileEncoding = 4; lastKnownFileType = sourcecode.c.h; path = PQFCirclesInTriangle.h; sourceTree = "<group>"; };
		945B53A21AD23D2E0047A27D /* PQFCirclesInTriangle.m */ = {isa = PBXFileReference; fileEncoding = 4; lastKnownFileType = sourcecode.c.objc; path = PQFCirclesInTriangle.m; sourceTree = "<group>"; };
		945B53A31AD23D2E0047A27D /* PQFCustomLoaders.h */ = {isa = PBXFileReference; fileEncoding = 4; lastKnownFileType = sourcecode.c.h; path = PQFCustomLoaders.h; sourceTree = "<group>"; };
		945B53A51AD23D2E0047A27D /* UIColor+FlatColors.h */ = {isa = PBXFileReference; fileEncoding = 4; lastKnownFileType = sourcecode.c.h; path = "UIColor+FlatColors.h"; sourceTree = "<group>"; };
		945B53A61AD23D2E0047A27D /* UIColor+FlatColors.m */ = {isa = PBXFileReference; fileEncoding = 4; lastKnownFileType = sourcecode.c.objc; path = "UIColor+FlatColors.m"; sourceTree = "<group>"; };
		945B53A81AD23D2E0047A27D /* UICKeyChainStore.h */ = {isa = PBXFileReference; fileEncoding = 4; lastKnownFileType = sourcecode.c.h; path = UICKeyChainStore.h; sourceTree = "<group>"; };
		945B53A91AD23D2E0047A27D /* UICKeyChainStore.m */ = {isa = PBXFileReference; fileEncoding = 4; lastKnownFileType = sourcecode.c.objc; path = UICKeyChainStore.m; sourceTree = "<group>"; };
		945B53B81AD2B4A70047A27D /* FBSDKCoreKit.framework */ = {isa = PBXFileReference; lastKnownFileType = wrapper.framework; path = FBSDKCoreKit.framework; sourceTree = "<group>"; };
		945B53BA1AD2B7100047A27D /* LogInViewController.h */ = {isa = PBXFileReference; fileEncoding = 4; lastKnownFileType = sourcecode.c.h; path = LogInViewController.h; sourceTree = "<group>"; };
		945B53BB1AD2B7100047A27D /* LogInViewController.m */ = {isa = PBXFileReference; fileEncoding = 4; lastKnownFileType = sourcecode.c.objc; path = LogInViewController.m; sourceTree = "<group>"; };
		945B53BC1AD2B7100047A27D /* LogInViewController.xib */ = {isa = PBXFileReference; fileEncoding = 4; lastKnownFileType = file.xib; path = LogInViewController.xib; sourceTree = "<group>"; };
		945B53BF1AD2B7F90047A27D /* FBSDKLoginKit.framework */ = {isa = PBXFileReference; lastKnownFileType = wrapper.framework; path = FBSDKLoginKit.framework; sourceTree = "<group>"; };
		945B53C11AD2C40E0047A27D /* MainPromMePageViewController.h */ = {isa = PBXFileReference; fileEncoding = 4; lastKnownFileType = sourcecode.c.h; path = MainPromMePageViewController.h; sourceTree = "<group>"; };
		945B53C21AD2C40E0047A27D /* MainPromMePageViewController.m */ = {isa = PBXFileReference; fileEncoding = 4; lastKnownFileType = sourcecode.c.objc; path = MainPromMePageViewController.m; sourceTree = "<group>"; };
		945B53C31AD2C40E0047A27D /* MainPromMePageViewController.xib */ = {isa = PBXFileReference; fileEncoding = 4; lastKnownFileType = file.xib; path = MainPromMePageViewController.xib; sourceTree = "<group>"; };
		945B53C61AD2D8D90047A27D /* Person.h */ = {isa = PBXFileReference; fileEncoding = 4; lastKnownFileType = sourcecode.c.h; path = Person.h; sourceTree = "<group>"; };
		945B53C71AD2D8D90047A27D /* Person.m */ = {isa = PBXFileReference; fileEncoding = 4; lastKnownFileType = sourcecode.c.objc; path = Person.m; sourceTree = "<group>"; };
		945B53C91AD493960047A27D /* SwipeDraggableView.h */ = {isa = PBXFileReference; fileEncoding = 4; lastKnownFileType = sourcecode.c.h; path = SwipeDraggableView.h; sourceTree = "<group>"; };
		945B53CA1AD493960047A27D /* SwipeDraggableView.m */ = {isa = PBXFileReference; fileEncoding = 4; lastKnownFileType = sourcecode.c.objc; path = SwipeDraggableView.m; sourceTree = "<group>"; };
		945B53CC1AD5CE320047A27D /* SwipeDraggableOverlay.h */ = {isa = PBXFileReference; fileEncoding = 4; lastKnownFileType = sourcecode.c.h; path = SwipeDraggableOverlay.h; sourceTree = "<group>"; };
		945B53CD1AD5CE320047A27D /* SwipeDraggableOverlay.m */ = {isa = PBXFileReference; fileEncoding = 4; lastKnownFileType = sourcecode.c.objc; path = SwipeDraggableOverlay.m; sourceTree = "<group>"; };
		945B53D31AD5F6DA0047A27D /* yes_dress.png */ = {isa = PBXFileReference; lastKnownFileType = image.png; path = yes_dress.png; sourceTree = "<group>"; };
		945B53D41AD5F6DA0047A27D /* no_dress.png */ = {isa = PBXFileReference; lastKnownFileType = image.png; path = no_dress.png; sourceTree = "<group>"; };
		945B53D71AD6002B0047A27D /* fire.png */ = {isa = PBXFileReference; lastKnownFileType = image.png; path = fire.png; sourceTree = "<group>"; };
		945B53D91AD60FF30047A27D /* PeopleAcceptedViewController.h */ = {isa = PBXFileReference; fileEncoding = 4; lastKnownFileType = sourcecode.c.h; path = PeopleAcceptedViewController.h; sourceTree = "<group>"; };
		945B53DA1AD60FF30047A27D /* PeopleAcceptedViewController.m */ = {isa = PBXFileReference; fileEncoding = 4; lastKnownFileType = sourcecode.c.objc; path = PeopleAcceptedViewController.m; sourceTree = "<group>"; };
		945B53DB1AD60FF30047A27D /* PeopleAcceptedViewController.xib */ = {isa = PBXFileReference; fileEncoding = 4; lastKnownFileType = file.xib; path = PeopleAcceptedViewController.xib; sourceTree = "<group>"; };
		94BACD141ADA15A800C52B66 /* ApiConfigurations.plist */ = {isa = PBXFileReference; fileEncoding = 4; lastKnownFileType = text.plist.xml; path = ApiConfigurations.plist; sourceTree = "<group>"; };
		94BACD161ADA16F000C52B66 /* SPGooglePlacesAutocomplete.h */ = {isa = PBXFileReference; fileEncoding = 4; lastKnownFileType = sourcecode.c.h; path = SPGooglePlacesAutocomplete.h; sourceTree = "<group>"; };
		94BACD171ADA16F000C52B66 /* SPGooglePlacesAutocompletePlace.h */ = {isa = PBXFileReference; fileEncoding = 4; lastKnownFileType = sourcecode.c.h; path = SPGooglePlacesAutocompletePlace.h; sourceTree = "<group>"; };
		94BACD181ADA16F000C52B66 /* SPGooglePlacesAutocompletePlace.m */ = {isa = PBXFileReference; fileEncoding = 4; lastKnownFileType = sourcecode.c.objc; path = SPGooglePlacesAutocompletePlace.m; sourceTree = "<group>"; };
		94BACD191ADA16F000C52B66 /* SPGooglePlacesAutocompleteQuery.h */ = {isa = PBXFileReference; fileEncoding = 4; lastKnownFileType = sourcecode.c.h; path = SPGooglePlacesAutocompleteQuery.h; sourceTree = "<group>"; };
		94BACD1A1ADA16F000C52B66 /* SPGooglePlacesAutocompleteQuery.m */ = {isa = PBXFileReference; fileEncoding = 4; lastKnownFileType = sourcecode.c.objc; path = SPGooglePlacesAutocompleteQuery.m; sourceTree = "<group>"; };
		94BACD1B1ADA16F000C52B66 /* SPGooglePlacesAutocompleteUtilities.h */ = {isa = PBXFileReference; fileEncoding = 4; lastKnownFileType = sourcecode.c.h; path = SPGooglePlacesAutocompleteUtilities.h; sourceTree = "<group>"; };
		94BACD1C1ADA16F000C52B66 /* SPGooglePlacesAutocompleteUtilities.m */ = {isa = PBXFileReference; fileEncoding = 4; lastKnownFileType = sourcecode.c.objc; path = SPGooglePlacesAutocompleteUtilities.m; sourceTree = "<group>"; };
		94BACD1D1ADA16F000C52B66 /* SPGooglePlacesPlaceDetailQuery.h */ = {isa = PBXFileReference; fileEncoding = 4; lastKnownFileType = sourcecode.c.h; path = SPGooglePlacesPlaceDetailQuery.h; sourceTree = "<group>"; };
		94BACD1E1ADA16F000C52B66 /* SPGooglePlacesPlaceDetailQuery.m */ = {isa = PBXFileReference; fileEncoding = 4; lastKnownFileType = sourcecode.c.objc; path = SPGooglePlacesPlaceDetailQuery.m; sourceTree = "<group>"; };
		94BACD241ADA171400C52B66 /* ChooseAddressViewController.h */ = {isa = PBXFileReference; fileEncoding = 4; lastKnownFileType = sourcecode.c.h; path = ChooseAddressViewController.h; sourceTree = "<group>"; };
		94BACD251ADA171400C52B66 /* ChooseAddressViewController.m */ = {isa = PBXFileReference; fileEncoding = 4; lastKnownFileType = sourcecode.c.objc; path = ChooseAddressViewController.m; sourceTree = "<group>"; };
		94BACD261ADA171400C52B66 /* ChooseAddressViewController.xib */ = {isa = PBXFileReference; fileEncoding = 4; lastKnownFileType = file.xib; path = ChooseAddressViewController.xib; sourceTree = "<group>"; };
		94F728181AD9BDE300598D02 /* ProfilePictureTableViewCell.h */ = {isa = PBXFileReference; fileEncoding = 4; lastKnownFileType = sourcecode.c.h; path = ProfilePictureTableViewCell.h; sourceTree = "<group>"; };
		94F728191AD9BDE300598D02 /* ProfilePictureTableViewCell.m */ = {isa = PBXFileReference; fileEncoding = 4; lastKnownFileType = sourcecode.c.objc; path = ProfilePictureTableViewCell.m; sourceTree = "<group>"; };
		94F7281A1AD9BDE300598D02 /* ProfilePictureTableViewCell.xib */ = {isa = PBXFileReference; fileEncoding = 4; lastKnownFileType = file.xib; path = ProfilePictureTableViewCell.xib; sourceTree = "<group>"; };
/* End PBXFileReference section */

/* Begin PBXFrameworksBuildPhase section */
		945B531A1AD2342C0047A27D /* Frameworks */ = {
			isa = PBXFrameworksBuildPhase;
			buildActionMask = 2147483647;
			files = (
				945B53891AD23C960047A27D /* AudioToolbox.framework in Frameworks */,
				945B538A1AD23C960047A27D /* CFNetwork.framework in Frameworks */,
				945B53C01AD2B7F90047A27D /* FBSDKLoginKit.framework in Frameworks */,
				945B53871AD23C820047A27D /* CoreGraphics.framework in Frameworks */,
				945B53881AD23C820047A27D /* CoreLocation.framework in Frameworks */,
				945B53861AD23C730047A27D /* MobileCoreServices.framework in Frameworks */,
				945B53851AD23C6D0047A27D /* QuartzCore.framework in Frameworks */,
				945B53841AD23C630047A27D /* Security.framework in Frameworks */,
				945B53831AD23C5A0047A27D /* StoreKit.framework in Frameworks */,
				945B53821AD23C530047A27D /* SystemConfiguration.framework in Frameworks */,
				945B53811AD23C4D0047A27D /* libz.dylib in Frameworks */,
				945B538E1AD23CD30047A27D /* Bolts.framework in Frameworks */,
				945B53B91AD2B4A70047A27D /* FBSDKCoreKit.framework in Frameworks */,
				945B538C1AD23CC60047A27D /* Parse.framework in Frameworks */,
				945B53801AD23C470047A27D /* libsqlite3.dylib in Frameworks */,
			);
			runOnlyForDeploymentPostprocessing = 0;
		};
		945B53331AD2342C0047A27D /* Frameworks */ = {
			isa = PBXFrameworksBuildPhase;
			buildActionMask = 2147483647;
			files = (
			);
			runOnlyForDeploymentPostprocessing = 0;
		};
/* End PBXFrameworksBuildPhase section */

/* Begin PBXGroup section */
		945B53141AD2342C0047A27D = {
			isa = PBXGroup;
			children = (
				945B531F1AD2342C0047A27D /* PromMe */,
				945B53391AD2342C0047A27D /* PromMeTests */,
				945B531E1AD2342C0047A27D /* Products */,
			);
			sourceTree = "<group>";
		};
		945B531E1AD2342C0047A27D /* Products */ = {
			isa = PBXGroup;
			children = (
				945B531D1AD2342C0047A27D /* PromMe.app */,
				945B53361AD2342C0047A27D /* PromMeTests.xctest */,
			);
			name = Products;
			sourceTree = "<group>";
		};
		945B531F1AD2342C0047A27D /* PromMe */ = {
			isa = PBXGroup;
			children = (
				94F728181AD9BDE300598D02 /* ProfilePictureTableViewCell.h */,
				94F728191AD9BDE300598D02 /* ProfilePictureTableViewCell.m */,
				94F7281A1AD9BDE300598D02 /* ProfilePictureTableViewCell.xib */,
				945B53BA1AD2B7100047A27D /* LogInViewController.h */,
				945B53BB1AD2B7100047A27D /* LogInViewController.m */,
				945B53BC1AD2B7100047A27D /* LogInViewController.xib */,
				945B53D91AD60FF30047A27D /* PeopleAcceptedViewController.h */,
				945B53DA1AD60FF30047A27D /* PeopleAcceptedViewController.m */,
				945B53DB1AD60FF30047A27D /* PeopleAcceptedViewController.xib */,
				945B53CC1AD5CE320047A27D /* SwipeDraggableOverlay.h */,
				945B53CD1AD5CE320047A27D /* SwipeDraggableOverlay.m */,
				945B53C91AD493960047A27D /* SwipeDraggableView.h */,
				94BACD241ADA171400C52B66 /* ChooseAddressViewController.h */,
				94BACD251ADA171400C52B66 /* ChooseAddressViewController.m */,
				94BACD261ADA171400C52B66 /* ChooseAddressViewController.xib */,
				945B53CA1AD493960047A27D /* SwipeDraggableView.m */,
				945B53C11AD2C40E0047A27D /* MainPromMePageViewController.h */,
				94BACD231ADA16F700C52B66 /* SPGoogleAutocompletePlaces */,
				945B53C21AD2C40E0047A27D /* MainPromMePageViewController.m */,
				945B53C31AD2C40E0047A27D /* MainPromMePageViewController.xib */,
				945B53C61AD2D8D90047A27D /* Person.h */,
				945B53C71AD2D8D90047A27D /* Person.m */,
				94BACD141ADA15A800C52B66 /* ApiConfigurations.plist */,
				945B53241AD2342C0047A27D /* AppDelegate.h */,
				945B53251AD2342C0047A27D /* AppDelegate.m */,
				945B53D31AD5F6DA0047A27D /* yes_dress.png */,
				945B53D71AD6002B0047A27D /* fire.png */,
				945B53D41AD5F6DA0047A27D /* no_dress.png */,
				945B532D1AD2342C0047A27D /* Images.xcassets */,
				945B532F1AD2342C0047A27D /* LaunchScreen.xib */,
				945B532A1AD2342C0047A27D /* Main.storyboard */,
				945B53271AD2342C0047A27D /* ViewController.h */,
				945B53281AD2342C0047A27D /* ViewController.m */,
				945B53B51AD23D5F0047A27D /* Misc. 3rd Party Libraries */,
				945B53B41AD23D470047A27D /* Parse and Default Libraries */,
				945B53201AD2342C0047A27D /* Supporting Files */,
			);
			path = PromMe;
			sourceTree = "<group>";
		};
		945B53201AD2342C0047A27D /* Supporting Files */ = {
			isa = PBXGroup;
			children = (
				945B53211AD2342C0047A27D /* Info.plist */,
				945B53221AD2342C0047A27D /* main.m */,
			);
			name = "Supporting Files";
			sourceTree = "<group>";
		};
		945B53391AD2342C0047A27D /* PromMeTests */ = {
			isa = PBXGroup;
			children = (
				945B533C1AD2342C0047A27D /* PromMeTests.m */,
				945B533A1AD2342C0047A27D /* Supporting Files */,
			);
			path = PromMeTests;
			sourceTree = "<group>";
		};
		945B533A1AD2342C0047A27D /* Supporting Files */ = {
			isa = PBXGroup;
			children = (
				945B533B1AD2342C0047A27D /* Info.plist */,
			);
			name = "Supporting Files";
			sourceTree = "<group>";
		};
		945B538F1AD23D2E0047A27D /* Chameleon */ = {
			isa = PBXGroup;
			children = (
				945B53901AD23D2E0047A27D /* Chameleon.h */,
				945B53911AD23D2E0047A27D /* ChameleonMacros.h */,
				945B53921AD23D2E0047A27D /* ChameleonStatusBar.h */,
				945B53931AD23D2E0047A27D /* ChameleonStatusBar.m */,
				945B53941AD23D2E0047A27D /* NSArray+Chameleon.h */,
				945B53951AD23D2E0047A27D /* NSArray+Chameleon.m */,
				945B53961AD23D2E0047A27D /* UIColor+Chameleon.h */,
				945B53971AD23D2E0047A27D /* UIColor+Chameleon.m */,
				945B53981AD23D2E0047A27D /* UIColor+CIELAB.h */,
				945B53991AD23D2E0047A27D /* UIColor+CIELAB.m */,
				945B539A1AD23D2E0047A27D /* UIViewController+Chameleon.h */,
				945B539B1AD23D2E0047A27D /* UIViewController+Chameleon.m */,
			);
			path = Chameleon;
			sourceTree = "<group>";
		};
		945B539C1AD23D2E0047A27D /* PQFCustomLoaders */ = {
			isa = PBXGroup;
			children = (
				945B539D1AD23D2E0047A27D /* PQFBarsInCircle.h */,
				945B539E1AD23D2E0047A27D /* PQFBarsInCircle.m */,
				945B539F1AD23D2E0047A27D /* PQFBouncingBalls.h */,
				945B53A01AD23D2E0047A27D /* PQFBouncingBalls.m */,
				945B53A11AD23D2E0047A27D /* PQFCirclesInTriangle.h */,
				945B53A21AD23D2E0047A27D /* PQFCirclesInTriangle.m */,
				945B53A31AD23D2E0047A27D /* PQFCustomLoaders.h */,
			);
			path = PQFCustomLoaders;
			sourceTree = "<group>";
		};
		945B53A41AD23D2E0047A27D /* UIColor+FlatColors */ = {
			isa = PBXGroup;
			children = (
				945B53A51AD23D2E0047A27D /* UIColor+FlatColors.h */,
				945B53A61AD23D2E0047A27D /* UIColor+FlatColors.m */,
			);
			path = "UIColor+FlatColors";
			sourceTree = "<group>";
		};
		945B53A71AD23D2E0047A27D /* UIKeyChainStore */ = {
			isa = PBXGroup;
			children = (
				945B53A81AD23D2E0047A27D /* UICKeyChainStore.h */,
				945B53A91AD23D2E0047A27D /* UICKeyChainStore.m */,
			);
			path = UIKeyChainStore;
			sourceTree = "<group>";
		};
		945B53B41AD23D470047A27D /* Parse and Default Libraries */ = {
			isa = PBXGroup;
			children = (
				945B53BF1AD2B7F90047A27D /* FBSDKLoginKit.framework */,
				945B53B81AD2B4A70047A27D /* FBSDKCoreKit.framework */,
				945B538D1AD23CD30047A27D /* Bolts.framework */,
				945B538B1AD23CC60047A27D /* Parse.framework */,
				945B537C1AD23B9D0047A27D /* libz.1.1.3.dylib */,
				945B53741AD239FD0047A27D /* libsqlite3.dylib */,
				945B53721AD239F70047A27D /* libz.dylib */,
				945B53701AD239F10047A27D /* SystemConfiguration.framework */,
				945B536E1AD239E80047A27D /* StoreKit.framework */,
				945B536C1AD239E20047A27D /* Security.framework */,
				945B536A1AD239DB0047A27D /* QuartzCore.framework */,
				945B53681AD239D30047A27D /* MobileCoreServices.framework */,
				945B53661AD239CD0047A27D /* CoreLocation.framework */,
				945B53641AD239C60047A27D /* CoreGraphics.framework */,
				945B53621AD239C00047A27D /* CFNetwork.framework */,
				945B53601AD239B90047A27D /* AudioToolbox.framework */,
			);
			name = "Parse and Default Libraries";
			path = ..;
			sourceTree = "<group>";
		};
		945B53B51AD23D5F0047A27D /* Misc. 3rd Party Libraries */ = {
			isa = PBXGroup;
			children = (
				945B538F1AD23D2E0047A27D /* Chameleon */,
				945B539C1AD23D2E0047A27D /* PQFCustomLoaders */,
				945B53A41AD23D2E0047A27D /* UIColor+FlatColors */,
				945B53A71AD23D2E0047A27D /* UIKeyChainStore */,
			);
			name = "Misc. 3rd Party Libraries";
			path = ..;
			sourceTree = "<group>";
		};
		94BACD231ADA16F700C52B66 /* SPGoogleAutocompletePlaces */ = {
			isa = PBXGroup;
			children = (
				94BACD161ADA16F000C52B66 /* SPGooglePlacesAutocomplete.h */,
				94BACD171ADA16F000C52B66 /* SPGooglePlacesAutocompletePlace.h */,
				94BACD181ADA16F000C52B66 /* SPGooglePlacesAutocompletePlace.m */,
				94BACD191ADA16F000C52B66 /* SPGooglePlacesAutocompleteQuery.h */,
				94BACD1A1ADA16F000C52B66 /* SPGooglePlacesAutocompleteQuery.m */,
				94BACD1B1ADA16F000C52B66 /* SPGooglePlacesAutocompleteUtilities.h */,
				94BACD1C1ADA16F000C52B66 /* SPGooglePlacesAutocompleteUtilities.m */,
				94BACD1D1ADA16F000C52B66 /* SPGooglePlacesPlaceDetailQuery.h */,
				94BACD1E1ADA16F000C52B66 /* SPGooglePlacesPlaceDetailQuery.m */,
			);
			name = SPGoogleAutocompletePlaces;
			sourceTree = "<group>";
		};
/* End PBXGroup section */

/* Begin PBXNativeTarget section */
		945B531C1AD2342C0047A27D /* PromMe */ = {
			isa = PBXNativeTarget;
			buildConfigurationList = 945B53401AD2342C0047A27D /* Build configuration list for PBXNativeTarget "PromMe" */;
			buildPhases = (
				945B53191AD2342C0047A27D /* Sources */,
				945B531A1AD2342C0047A27D /* Frameworks */,
				945B531B1AD2342C0047A27D /* Resources */,
			);
			buildRules = (
			);
			dependencies = (
			);
			name = PromMe;
			productName = PromMe;
			productReference = 945B531D1AD2342C0047A27D /* PromMe.app */;
			productType = "com.apple.product-type.application";
		};
		945B53351AD2342C0047A27D /* PromMeTests */ = {
			isa = PBXNativeTarget;
			buildConfigurationList = 945B53431AD2342C0047A27D /* Build configuration list for PBXNativeTarget "PromMeTests" */;
			buildPhases = (
				945B53321AD2342C0047A27D /* Sources */,
				945B53331AD2342C0047A27D /* Frameworks */,
				945B53341AD2342C0047A27D /* Resources */,
			);
			buildRules = (
			);
			dependencies = (
				945B53381AD2342C0047A27D /* PBXTargetDependency */,
			);
			name = PromMeTests;
			productName = PromMeTests;
			productReference = 945B53361AD2342C0047A27D /* PromMeTests.xctest */;
			productType = "com.apple.product-type.bundle.unit-test";
		};
/* End PBXNativeTarget section */

/* Begin PBXProject section */
		945B53151AD2342C0047A27D /* Project object */ = {
			isa = PBXProject;
			attributes = {
				LastUpgradeCheck = 0620;
				ORGANIZATIONNAME = "Ryan D'souza";
				TargetAttributes = {
					945B531C1AD2342C0047A27D = {
						CreatedOnToolsVersion = 6.2;
					};
					945B53351AD2342C0047A27D = {
						CreatedOnToolsVersion = 6.2;
						TestTargetID = 945B531C1AD2342C0047A27D;
					};
				};
			};
			buildConfigurationList = 945B53181AD2342C0047A27D /* Build configuration list for PBXProject "PromMe" */;
			compatibilityVersion = "Xcode 3.2";
			developmentRegion = English;
			hasScannedForEncodings = 0;
			knownRegions = (
				en,
				Base,
			);
			mainGroup = 945B53141AD2342C0047A27D;
			productRefGroup = 945B531E1AD2342C0047A27D /* Products */;
			projectDirPath = "";
			projectRoot = "";
			targets = (
				945B531C1AD2342C0047A27D /* PromMe */,
				945B53351AD2342C0047A27D /* PromMeTests */,
			);
		};
/* End PBXProject section */

/* Begin PBXResourcesBuildPhase section */
		945B531B1AD2342C0047A27D /* Resources */ = {
			isa = PBXResourcesBuildPhase;
			buildActionMask = 2147483647;
			files = (
				94BACD151ADA15A800C52B66 /* ApiConfigurations.plist in Resources */,
				945B53BE1AD2B7100047A27D /* LogInViewController.xib in Resources */,
				94BACD281ADA171400C52B66 /* ChooseAddressViewController.xib in Resources */,
				945B53D81AD6002B0047A27D /* fire.png in Resources */,
				94F7281C1AD9BDE300598D02 /* ProfilePictureTableViewCell.xib in Resources */,
				945B53DD1AD60FF30047A27D /* PeopleAcceptedViewController.xib in Resources */,
				945B532C1AD2342C0047A27D /* Main.storyboard in Resources */,
				945B53C51AD2C40E0047A27D /* MainPromMePageViewController.xib in Resources */,
				945B53D51AD5F6DA0047A27D /* yes_dress.png in Resources */,
				945B53311AD2342C0047A27D /* LaunchScreen.xib in Resources */,
				945B53D61AD5F6DA0047A27D /* no_dress.png in Resources */,
				945B532E1AD2342C0047A27D /* Images.xcassets in Resources */,
			);
			runOnlyForDeploymentPostprocessing = 0;
		};
		945B53341AD2342C0047A27D /* Resources */ = {
			isa = PBXResourcesBuildPhase;
			buildActionMask = 2147483647;
			files = (
			);
			runOnlyForDeploymentPostprocessing = 0;
		};
/* End PBXResourcesBuildPhase section */

/* Begin PBXSourcesBuildPhase section */
		945B53191AD2342C0047A27D /* Sources */ = {
			isa = PBXSourcesBuildPhase;
			buildActionMask = 2147483647;
			files = (
				945B53BD1AD2B7100047A27D /* LogInViewController.m in Sources */,
				945B53AC1AD23D2E0047A27D /* UIColor+Chameleon.m in Sources */,
				94BACD1F1ADA16F000C52B66 /* SPGooglePlacesAutocompletePlace.m in Sources */,
				94BACD271ADA171400C52B66 /* ChooseAddressViewController.m in Sources */,
				945B53C41AD2C40E0047A27D /* MainPromMePageViewController.m in Sources */,
				94BACD201ADA16F000C52B66 /* SPGooglePlacesAutocompleteQuery.m in Sources */,
				945B53DC1AD60FF30047A27D /* PeopleAcceptedViewController.m in Sources */,
				945B53B11AD23D2E0047A27D /* PQFCirclesInTriangle.m in Sources */,
				945B53AD1AD23D2E0047A27D /* UIColor+CIELAB.m in Sources */,
				945B53AA1AD23D2E0047A27D /* ChameleonStatusBar.m in Sources */,
				945B53AF1AD23D2E0047A27D /* PQFBarsInCircle.m in Sources */,
				945B53CE1AD5CE320047A27D /* SwipeDraggableOverlay.m in Sources */,
				945B53AE1AD23D2E0047A27D /* UIViewController+Chameleon.m in Sources */,
				945B53B31AD23D2E0047A27D /* UICKeyChainStore.m in Sources */,
				945B53291AD2342C0047A27D /* ViewController.m in Sources */,
				94F7281B1AD9BDE300598D02 /* ProfilePictureTableViewCell.m in Sources */,
				945B53CB1AD493960047A27D /* SwipeDraggableView.m in Sources */,
				945B53C81AD2D8D90047A27D /* Person.m in Sources */,
				945B53261AD2342C0047A27D /* AppDelegate.m in Sources */,
				94BACD221ADA16F000C52B66 /* SPGooglePlacesPlaceDetailQuery.m in Sources */,
				94BACD211ADA16F000C52B66 /* SPGooglePlacesAutocompleteUtilities.m in Sources */,
				945B53B21AD23D2E0047A27D /* UIColor+FlatColors.m in Sources */,
				945B53B01AD23D2E0047A27D /* PQFBouncingBalls.m in Sources */,
				945B53231AD2342C0047A27D /* main.m in Sources */,
				945B53AB1AD23D2E0047A27D /* NSArray+Chameleon.m in Sources */,
			);
			runOnlyForDeploymentPostprocessing = 0;
		};
		945B53321AD2342C0047A27D /* Sources */ = {
			isa = PBXSourcesBuildPhase;
			buildActionMask = 2147483647;
			files = (
				945B533D1AD2342C0047A27D /* PromMeTests.m in Sources */,
			);
			runOnlyForDeploymentPostprocessing = 0;
		};
/* End PBXSourcesBuildPhase section */

/* Begin PBXTargetDependency section */
		945B53381AD2342C0047A27D /* PBXTargetDependency */ = {
			isa = PBXTargetDependency;
			target = 945B531C1AD2342C0047A27D /* PromMe */;
			targetProxy = 945B53371AD2342C0047A27D /* PBXContainerItemProxy */;
		};
/* End PBXTargetDependency section */

/* Begin PBXVariantGroup section */
		945B532A1AD2342C0047A27D /* Main.storyboard */ = {
			isa = PBXVariantGroup;
			children = (
				945B532B1AD2342C0047A27D /* Base */,
			);
			name = Main.storyboard;
			sourceTree = "<group>";
		};
		945B532F1AD2342C0047A27D /* LaunchScreen.xib */ = {
			isa = PBXVariantGroup;
			children = (
				945B53301AD2342C0047A27D /* Base */,
			);
			name = LaunchScreen.xib;
			sourceTree = "<group>";
		};
/* End PBXVariantGroup section */

/* Begin XCBuildConfiguration section */
		945B533E1AD2342C0047A27D /* Debug */ = {
			isa = XCBuildConfiguration;
			buildSettings = {
				ALWAYS_SEARCH_USER_PATHS = NO;
				CLANG_CXX_LANGUAGE_STANDARD = "gnu++0x";
				CLANG_CXX_LIBRARY = "libc++";
				CLANG_ENABLE_MODULES = YES;
				CLANG_ENABLE_OBJC_ARC = YES;
				CLANG_WARN_BOOL_CONVERSION = YES;
				CLANG_WARN_CONSTANT_CONVERSION = YES;
				CLANG_WARN_DIRECT_OBJC_ISA_USAGE = YES_ERROR;
				CLANG_WARN_EMPTY_BODY = YES;
				CLANG_WARN_ENUM_CONVERSION = YES;
				CLANG_WARN_INT_CONVERSION = YES;
				CLANG_WARN_OBJC_ROOT_CLASS = YES_ERROR;
				CLANG_WARN_UNREACHABLE_CODE = YES;
				CLANG_WARN__DUPLICATE_METHOD_MATCH = YES;
				"CODE_SIGN_IDENTITY[sdk=iphoneos*]" = "iPhone Developer";
				COPY_PHASE_STRIP = NO;
				ENABLE_STRICT_OBJC_MSGSEND = YES;
				GCC_C_LANGUAGE_STANDARD = gnu99;
				GCC_DYNAMIC_NO_PIC = NO;
				GCC_OPTIMIZATION_LEVEL = 0;
				GCC_PREPROCESSOR_DEFINITIONS = (
					"DEBUG=1",
					"$(inherited)",
				);
				GCC_SYMBOLS_PRIVATE_EXTERN = NO;
				GCC_WARN_64_TO_32_BIT_CONVERSION = YES;
				GCC_WARN_ABOUT_RETURN_TYPE = YES_ERROR;
				GCC_WARN_UNDECLARED_SELECTOR = YES;
				GCC_WARN_UNINITIALIZED_AUTOS = YES_AGGRESSIVE;
				GCC_WARN_UNUSED_FUNCTION = YES;
				GCC_WARN_UNUSED_VARIABLE = YES;
				IPHONEOS_DEPLOYMENT_TARGET = 8.2;
				MTL_ENABLE_DEBUG_INFO = YES;
				ONLY_ACTIVE_ARCH = YES;
				SDKROOT = iphoneos;
			};
			name = Debug;
		};
		945B533F1AD2342C0047A27D /* Release */ = {
			isa = XCBuildConfiguration;
			buildSettings = {
				ALWAYS_SEARCH_USER_PATHS = NO;
				CLANG_CXX_LANGUAGE_STANDARD = "gnu++0x";
				CLANG_CXX_LIBRARY = "libc++";
				CLANG_ENABLE_MODULES = YES;
				CLANG_ENABLE_OBJC_ARC = YES;
				CLANG_WARN_BOOL_CONVERSION = YES;
				CLANG_WARN_CONSTANT_CONVERSION = YES;
				CLANG_WARN_DIRECT_OBJC_ISA_USAGE = YES_ERROR;
				CLANG_WARN_EMPTY_BODY = YES;
				CLANG_WARN_ENUM_CONVERSION = YES;
				CLANG_WARN_INT_CONVERSION = YES;
				CLANG_WARN_OBJC_ROOT_CLASS = YES_ERROR;
				CLANG_WARN_UNREACHABLE_CODE = YES;
				CLANG_WARN__DUPLICATE_METHOD_MATCH = YES;
				"CODE_SIGN_IDENTITY[sdk=iphoneos*]" = "iPhone Developer";
				COPY_PHASE_STRIP = NO;
				ENABLE_NS_ASSERTIONS = NO;
				ENABLE_STRICT_OBJC_MSGSEND = YES;
				GCC_C_LANGUAGE_STANDARD = gnu99;
				GCC_WARN_64_TO_32_BIT_CONVERSION = YES;
				GCC_WARN_ABOUT_RETURN_TYPE = YES_ERROR;
				GCC_WARN_UNDECLARED_SELECTOR = YES;
				GCC_WARN_UNINITIALIZED_AUTOS = YES_AGGRESSIVE;
				GCC_WARN_UNUSED_FUNCTION = YES;
				GCC_WARN_UNUSED_VARIABLE = YES;
				IPHONEOS_DEPLOYMENT_TARGET = 8.2;
				MTL_ENABLE_DEBUG_INFO = NO;
				SDKROOT = iphoneos;
				VALIDATE_PRODUCT = YES;
			};
			name = Release;
		};
		945B53411AD2342C0047A27D /* Debug */ = {
			isa = XCBuildConfiguration;
			buildSettings = {
				ASSETCATALOG_COMPILER_APPICON_NAME = AppIcon;
				FRAMEWORK_SEARCH_PATHS = (
					"$(inherited)",
					"$(PROJECT_DIR)",
					"/Users/Ryan/Downloads/parse-library-1.7.1",
				);
				INFOPLIST_FILE = PromMe/Info.plist;
				LD_RUNPATH_SEARCH_PATHS = "$(inherited) @executable_path/Frameworks";
				PRODUCT_NAME = "$(TARGET_NAME)";
			};
			name = Debug;
		};
		945B53421AD2342C0047A27D /* Release */ = {
			isa = XCBuildConfiguration;
			buildSettings = {
				ASSETCATALOG_COMPILER_APPICON_NAME = AppIcon;
				FRAMEWORK_SEARCH_PATHS = (
					"$(inherited)",
					"$(PROJECT_DIR)",
					"/Users/Ryan/Downloads/parse-library-1.7.1",
				);
				INFOPLIST_FILE = PromMe/Info.plist;
				LD_RUNPATH_SEARCH_PATHS = "$(inherited) @executable_path/Frameworks";
				PRODUCT_NAME = "$(TARGET_NAME)";
			};
			name = Release;
		};
		945B53441AD2342C0047A27D /* Debug */ = {
			isa = XCBuildConfiguration;
			buildSettings = {
				BUNDLE_LOADER = "$(TEST_HOST)";
				FRAMEWORK_SEARCH_PATHS = (
					"$(SDKROOT)/Developer/Library/Frameworks",
					"$(inherited)",
				);
				GCC_PREPROCESSOR_DEFINITIONS = (
					"DEBUG=1",
					"$(inherited)",
				);
				INFOPLIST_FILE = PromMeTests/Info.plist;
				LD_RUNPATH_SEARCH_PATHS = "$(inherited) @executable_path/Frameworks @loader_path/Frameworks";
				PRODUCT_NAME = "$(TARGET_NAME)";
				TEST_HOST = "$(BUILT_PRODUCTS_DIR)/PromMe.app/PromMe";
			};
			name = Debug;
		};
		945B53451AD2342C0047A27D /* Release */ = {
			isa = XCBuildConfiguration;
			buildSettings = {
				BUNDLE_LOADER = "$(TEST_HOST)";
				FRAMEWORK_SEARCH_PATHS = (
					"$(SDKROOT)/Developer/Library/Frameworks",
					"$(inherited)",
				);
				INFOPLIST_FILE = PromMeTests/Info.plist;
				LD_RUNPATH_SEARCH_PATHS = "$(inherited) @executable_path/Frameworks @loader_path/Frameworks";
				PRODUCT_NAME = "$(TARGET_NAME)";
				TEST_HOST = "$(BUILT_PRODUCTS_DIR)/PromMe.app/PromMe";
			};
			name = Release;
		};
/* End XCBuildConfiguration section */

/* Begin XCConfigurationList section */
		945B53181AD2342C0047A27D /* Build configuration list for PBXProject "PromMe" */ = {
			isa = XCConfigurationList;
			buildConfigurations = (
				945B533E1AD2342C0047A27D /* Debug */,
				945B533F1AD2342C0047A27D /* Release */,
			);
			defaultConfigurationIsVisible = 0;
			defaultConfigurationName = Release;
		};
		945B53401AD2342C0047A27D /* Build configuration list for PBXNativeTarget "PromMe" */ = {
			isa = XCConfigurationList;
			buildConfigurations = (
				945B53411AD2342C0047A27D /* Debug */,
				945B53421AD2342C0047A27D /* Release */,
			);
			defaultConfigurationIsVisible = 0;
			defaultConfigurationName = Release;
		};
		945B53431AD2342C0047A27D /* Build configuration list for PBXNativeTarget "PromMeTests" */ = {
			isa = XCConfigurationList;
			buildConfigurations = (
				945B53441AD2342C0047A27D /* Debug */,
				945B53451AD2342C0047A27D /* Release */,
			);
			defaultConfigurationIsVisible = 0;
			defaultConfigurationName = Release;
		};
/* End XCConfigurationList section */
	};
	rootObject = 945B53151AD2342C0047A27D /* Project object */;
}
